[[package]]
name = "asn1crypto"
version = "1.4.0"
description = "Fast ASN.1 parser and serializer with definitions for private keys, public keys, certificates, CRL, OCSP, CMS, PKCS#3, PKCS#7, PKCS#8, PKCS#12, PKCS#5, X.509 and TSP"
category = "main"
optional = false
python-versions = "*"

[[package]]
name = "base58"
version = "2.1.1"
description = "Base58 and Base58Check implementation."
category = "main"
optional = false
python-versions = ">=3.5"

[package.extras]
tests = ["mypy", "PyHamcrest (>=2.0.2)", "pytest (>=4.6)", "pytest-benchmark", "pytest-cov", "pytest-flake8"]

[[package]]
name = "bip32utils"
version = "0.3.post4"
description = "Utilities for generating and using Bitcoin Hierarchical Deterministic wallets (BIP0032)."
category = "main"
optional = false
python-versions = "*"

[package.dependencies]
ecdsa = "*"

[[package]]
name = "bit"
version = "0.8.0"
description = "Bitcoin made easy."
category = "main"
optional = false
python-versions = "*"

[package.dependencies]
coincurve = ">=4.3.0"
requests = "*"

[package.extras]
cache = ["lmdb"]
cli = ["appdirs", "click", "privy", "tinydb"]

[[package]]
name = "bitcoin"
version = "1.1.42"
description = "Python Bitcoin Tools"
category = "main"
optional = false
python-versions = "*"

[[package]]
name = "blockchain"
version = "1.4.4"
description = "Blockchain API library (v1)"
category = "main"
optional = false
python-versions = "*"

[package.dependencies]
enum-compat = "*"
future = "*"

[[package]]
name = "certifi"
version = "2021.10.8"
description = "Python package for providing Mozilla's CA Bundle."
category = "main"
optional = false
python-versions = "*"

[[package]]
name = "cffi"
version = "1.15.0"
description = "Foreign Function Interface for Python calling C code."
category = "main"
optional = false
python-versions = "*"

[package.dependencies]
pycparser = "*"

[[package]]
name = "charset-normalizer"
version = "2.0.10"
description = "The Real First Universal Charset Detector. Open, modern and actively maintained alternative to Chardet."
category = "main"
optional = false
python-versions = ">=3.5.0"

[package.extras]
unicode_backport = ["unicodedata2"]

[[package]]
name = "coincurve"
version = "16.0.0"
description = "Cross-platform Python CFFI bindings for libsecp256k1"
category = "main"
optional = false
python-versions = ">=3.6"

[package.dependencies]
asn1crypto = "*"
cffi = ">=1.3.0"

[[package]]
name = "ecdsa"
version = "0.17.0"
description = "ECDSA cryptographic signature library (pure python)"
category = "main"
optional = false
python-versions = ">=2.6, !=3.0.*, !=3.1.*, !=3.2.*"

[package.dependencies]
six = ">=1.9.0"

[package.extras]
gmpy = ["gmpy"]
gmpy2 = ["gmpy2"]

[[package]]
name = "enum-compat"
version = "0.0.3"
description = "enum/enum34 compatibility package"
category = "main"
optional = false
python-versions = "*"

[[package]]
name = "future"
version = "0.18.2"
description = "Clean single-source support for Python 3 and 2"
category = "main"
optional = false
python-versions = ">=2.6, !=3.0.*, !=3.1.*, !=3.2.*"

[[package]]
name = "idna"
version = "3.3"
description = "Internationalized Domain Names in Applications (IDNA)"
category = "main"
optional = false
python-versions = ">=3.5"

[[package]]
name = "mnemonic"
version = "0.20"
description = "Implementation of Bitcoin BIP-0039"
category = "main"
optional = false
python-versions = ">=3.5"

[[package]]
name = "pycparser"
version = "2.21"
description = "C parser in Python"
category = "main"
optional = false
python-versions = ">=2.7, !=3.0.*, !=3.1.*, !=3.2.*, !=3.3.*"

[[package]]
name = "requests"
version = "2.27.1"
description = "Python HTTP for Humans."
category = "main"
optional = false
python-versions = ">=2.7, !=3.0.*, !=3.1.*, !=3.2.*, !=3.3.*, !=3.4.*, !=3.5.*"

[package.dependencies]
certifi = ">=2017.4.17"
charset-normalizer = {version = ">=2.0.0,<2.1.0", markers = "python_version >= \"3\""}
idna = {version = ">=2.5,<4", markers = "python_version >= \"3\""}
urllib3 = ">=1.21.1,<1.27"

[package.extras]
socks = ["PySocks (>=1.5.6,!=1.5.7)", "win-inet-pton"]
use_chardet_on_py3 = ["chardet (>=3.0.2,<5)"]

[[package]]
name = "six"
version = "1.16.0"
description = "Python 2 and 3 compatibility utilities"
category = "main"
optional = false
python-versions = ">=2.7, !=3.0.*, !=3.1.*, !=3.2.*"

[[package]]
name = "urllib3"
version = "1.26.8"
description = "HTTP library with thread-safe connection pooling, file post, and more."
category = "main"
optional = false
python-versions = ">=2.7, !=3.0.*, !=3.1.*, !=3.2.*, !=3.3.*, !=3.4.*, <4"

[package.extras]
brotli = ["brotlipy (>=0.6.0)"]
secure = ["pyOpenSSL (>=0.14)", "cryptography (>=1.3.4)", "idna (>=2.0.0)", "certifi", "ipaddress"]
socks = ["PySocks (>=1.5.6,!=1.5.7,<2.0)"]

[metadata]
lock-version = "1.1"
python-versions = "^3.8"
content-hash = "ec18f1efb021c6252fae2d9f8ae377fe1ff80a75c74bb9dda68b436ac632acbb"

[metadata.files]
asn1crypto = [
    {file = "asn1crypto-1.4.0-py2.py3-none-any.whl", hash = "sha256:4bcdf33c861c7d40bdcd74d8e4dd7661aac320fcdf40b9a3f95b4ee12fde2fa8"},
    {file = "asn1crypto-1.4.0.tar.gz", hash = "sha256:f4f6e119474e58e04a2b1af817eb585b4fd72bdd89b998624712b5c99be7641c"},
]
base58 = [
    {file = "base58-2.1.1-py3-none-any.whl", hash = "sha256:11a36f4d3ce51dfc1043f3218591ac4eb1ceb172919cebe05b52a5bcc8d245c2"},
    {file = "base58-2.1.1.tar.gz", hash = "sha256:c5d0cb3f5b6e81e8e35da5754388ddcc6d0d14b6c6a132cb93d69ed580a7278c"},
]
bip32utils = [
    {file = "bip32utils-0.3.post4-py3-none-any.whl", hash = "sha256:86125e16732101f17dbf4307ca0311a06ded0aca94220ac961e5bce0a444e972"},
    {file = "bip32utils-0.3.post4.tar.gz", hash = "sha256:5970f40fbb727a89d3cc06b6387b348252f7c8af6b3470df704276de728c48c2"},
]
bit = [
    {file = "bit-0.8.0-py3-none-any.whl", hash = "sha256:059b4f8905359576ecb09c7bc9e5e266532b820179c625e39a501a21867f2c83"},
    {file = "bit-0.8.0.tar.gz", hash = "sha256:6590d7cebcc684b276b86aeb8b28986d78f81355a2edfa4eba96368e76bd6501"},
]
bitcoin = [
    {file = "bitcoin-1.1.42.tar.gz", hash = "sha256:11ba70bd9e1c764f6bb2c4bd4c7fbebd5c9053c73f4d4325b00a98869a8b7236"},
]
blockchain = [
    {file = "blockchain-1.4.4.tar.gz", hash = "sha256:dbaa3eebb6f81b4245005739da802c571b09f98d97eb66520afd95d9ccafebe2"},
]
certifi = [
    {file = "certifi-2021.10.8-py2.py3-none-any.whl", hash = "sha256:d62a0163eb4c2344ac042ab2bdf75399a71a2d8c7d47eac2e2ee91b9d6339569"},
    {file = "certifi-2021.10.8.tar.gz", hash = "sha256:78884e7c1d4b00ce3cea67b44566851c4343c120abd683433ce934a68ea58872"},
]
cffi = [
    {file = "cffi-1.15.0-cp27-cp27m-macosx_10_9_x86_64.whl", hash = "sha256:c2502a1a03b6312837279c8c1bd3ebedf6c12c4228ddbad40912d671ccc8a962"},
    {file = "cffi-1.15.0-cp27-cp27m-manylinux1_i686.whl", hash = "sha256:23cfe892bd5dd8941608f93348c0737e369e51c100d03718f108bf1add7bd6d0"},
    {file = "cffi-1.15.0-cp27-cp27m-manylinux1_x86_64.whl", hash = "sha256:41d45de54cd277a7878919867c0f08b0cf817605e4eb94093e7516505d3c8d14"},
    {file = "cffi-1.15.0-cp27-cp27m-win32.whl", hash = "sha256:4a306fa632e8f0928956a41fa8e1d6243c71e7eb59ffbd165fc0b41e316b2474"},
    {file = "cffi-1.15.0-cp27-cp27m-win_amd64.whl", hash = "sha256:e7022a66d9b55e93e1a845d8c9eba2a1bebd4966cd8bfc25d9cd07d515b33fa6"},
    {file = "cffi-1.15.0-cp27-cp27mu-manylinux1_i686.whl", hash = "sha256:14cd121ea63ecdae71efa69c15c5543a4b5fbcd0bbe2aad864baca0063cecf27"},
    {file = "cffi-1.15.0-cp27-cp27mu-manylinux1_x86_64.whl", hash = "sha256:d4d692a89c5cf08a8557fdeb329b82e7bf609aadfaed6c0d79f5a449a3c7c023"},
    {file = "cffi-1.15.0-cp310-cp310-macosx_10_9_x86_64.whl", hash = "sha256:0104fb5ae2391d46a4cb082abdd5c69ea4eab79d8d44eaaf79f1b1fd806ee4c2"},
    {file = "cffi-1.15.0-cp310-cp310-macosx_11_0_arm64.whl", hash = "sha256:91ec59c33514b7c7559a6acda53bbfe1b283949c34fe7440bcf917f96ac0723e"},
    {file = "cffi-1.15.0-cp310-cp310-manylinux_2_12_i686.manylinux2010_i686.whl", hash = "sha256:f5c7150ad32ba43a07c4479f40241756145a1f03b43480e058cfd862bf5041c7"},
    {file = "cffi-1.15.0-cp310-cp310-manylinux_2_12_x86_64.manylinux2010_x86_64.whl", hash = "sha256:00c878c90cb53ccfaae6b8bc18ad05d2036553e6d9d1d9dbcf323bbe83854ca3"},
    {file = "cffi-1.15.0-cp310-cp310-manylinux_2_17_aarch64.manylinux2014_aarch64.whl", hash = "sha256:abb9a20a72ac4e0fdb50dae135ba5e77880518e742077ced47eb1499e29a443c"},
    {file = "cffi-1.15.0-cp310-cp310-manylinux_2_17_ppc64le.manylinux2014_ppc64le.whl", hash = "sha256:a5263e363c27b653a90078143adb3d076c1a748ec9ecc78ea2fb916f9b861962"},
    {file = "cffi-1.15.0-cp310-cp310-manylinux_2_17_s390x.manylinux2014_s390x.whl", hash = "sha256:f54a64f8b0c8ff0b64d18aa76675262e1700f3995182267998c31ae974fbc382"},
    {file = "cffi-1.15.0-cp310-cp310-win32.whl", hash = "sha256:c21c9e3896c23007803a875460fb786118f0cdd4434359577ea25eb556e34c55"},
    {file = "cffi-1.15.0-cp310-cp310-win_amd64.whl", hash = "sha256:5e069f72d497312b24fcc02073d70cb989045d1c91cbd53979366077959933e0"},
    {file = "cffi-1.15.0-cp36-cp36m-macosx_10_9_x86_64.whl", hash = "sha256:64d4ec9f448dfe041705426000cc13e34e6e5bb13736e9fd62e34a0b0c41566e"},
    {file = "cffi-1.15.0-cp36-cp36m-manylinux_2_17_aarch64.manylinux2014_aarch64.whl", hash = "sha256:2756c88cbb94231c7a147402476be2c4df2f6078099a6f4a480d239a8817ae39"},
    {file = "cffi-1.15.0-cp36-cp36m-manylinux_2_17_ppc64le.manylinux2014_ppc64le.whl", hash = "sha256:3b96a311ac60a3f6be21d2572e46ce67f09abcf4d09344c49274eb9e0bf345fc"},
    {file = "cffi-1.15.0-cp36-cp36m-manylinux_2_17_s390x.manylinux2014_s390x.whl", hash = "sha256:75e4024375654472cc27e91cbe9eaa08567f7fbdf822638be2814ce059f58032"},
    {file = "cffi-1.15.0-cp36-cp36m-manylinux_2_5_i686.manylinux1_i686.whl", hash = "sha256:59888172256cac5629e60e72e86598027aca6bf01fa2465bdb676d37636573e8"},
    {file = "cffi-1.15.0-cp36-cp36m-manylinux_2_5_x86_64.manylinux1_x86_64.whl", hash = "sha256:27c219baf94952ae9d50ec19651a687b826792055353d07648a5695413e0c605"},
    {file = "cffi-1.15.0-cp36-cp36m-win32.whl", hash = "sha256:4958391dbd6249d7ad855b9ca88fae690783a6be9e86df65865058ed81fc860e"},
    {file = "cffi-1.15.0-cp36-cp36m-win_amd64.whl", hash = "sha256:f6f824dc3bce0edab5f427efcfb1d63ee75b6fcb7282900ccaf925be84efb0fc"},
    {file = "cffi-1.15.0-cp37-cp37m-macosx_10_9_x86_64.whl", hash = "sha256:06c48159c1abed75c2e721b1715c379fa3200c7784271b3c46df01383b593636"},
    {file = "cffi-1.15.0-cp37-cp37m-manylinux_2_12_i686.manylinux2010_i686.whl", hash = "sha256:c2051981a968d7de9dd2d7b87bcb9c939c74a34626a6e2f8181455dd49ed69e4"},
    {file = "cffi-1.15.0-cp37-cp37m-manylinux_2_12_x86_64.manylinux2010_x86_64.whl", hash = "sha256:fd8a250edc26254fe5b33be00402e6d287f562b6a5b2152dec302fa15bb3e997"},
    {file = "cffi-1.15.0-cp37-cp37m-manylinux_2_17_aarch64.manylinux2014_aarch64.whl", hash = "sha256:91d77d2a782be4274da750752bb1650a97bfd8f291022b379bb8e01c66b4e96b"},
    {file = "cffi-1.15.0-cp37-cp37m-manylinux_2_17_ppc64le.manylinux2014_ppc64le.whl", hash = "sha256:45db3a33139e9c8f7c09234b5784a5e33d31fd6907800b316decad50af323ff2"},
    {file = "cffi-1.15.0-cp37-cp37m-manylinux_2_17_s390x.manylinux2014_s390x.whl", hash = "sha256:263cc3d821c4ab2213cbe8cd8b355a7f72a8324577dc865ef98487c1aeee2bc7"},
    {file = "cffi-1.15.0-cp37-cp37m-win32.whl", hash = "sha256:17771976e82e9f94976180f76468546834d22a7cc404b17c22df2a2c81db0c66"},
    {file = "cffi-1.15.0-cp37-cp37m-win_amd64.whl", hash = "sha256:3415c89f9204ee60cd09b235810be700e993e343a408693e80ce7f6a40108029"},
    {file = "cffi-1.15.0-cp38-cp38-macosx_10_9_x86_64.whl", hash = "sha256:4238e6dab5d6a8ba812de994bbb0a79bddbdf80994e4ce802b6f6f3142fcc880"},
    {file = "cffi-1.15.0-cp38-cp38-manylinux_2_12_i686.manylinux2010_i686.whl", hash = "sha256:0808014eb713677ec1292301ea4c81ad277b6cdf2fdd90fd540af98c0b101d20"},
    {file = "cffi-1.15.0-cp38-cp38-manylinux_2_12_x86_64.manylinux2010_x86_64.whl", hash = "sha256:57e9ac9ccc3101fac9d6014fba037473e4358ef4e89f8e181f8951a2c0162024"},
    {file = "cffi-1.15.0-cp38-cp38-manylinux_2_17_aarch64.manylinux2014_aarch64.whl", hash = "sha256:8b6c2ea03845c9f501ed1313e78de148cd3f6cad741a75d43a29b43da27f2e1e"},
    {file = "cffi-1.15.0-cp38-cp38-manylinux_2_17_ppc64le.manylinux2014_ppc64le.whl", hash = "sha256:10dffb601ccfb65262a27233ac273d552ddc4d8ae1bf93b21c94b8511bffe728"},
    {file = "cffi-1.15.0-cp38-cp38-manylinux_2_17_s390x.manylinux2014_s390x.whl", hash = "sha256:786902fb9ba7433aae840e0ed609f45c7bcd4e225ebb9c753aa39725bb3e6ad6"},
    {file = "cffi-1.15.0-cp38-cp38-win32.whl", hash = "sha256:da5db4e883f1ce37f55c667e5c0de439df76ac4cb55964655906306918e7363c"},
    {file = "cffi-1.15.0-cp38-cp38-win_amd64.whl", hash = "sha256:181dee03b1170ff1969489acf1c26533710231c58f95534e3edac87fff06c443"},
    {file = "cffi-1.15.0-cp39-cp39-macosx_10_9_x86_64.whl", hash = "sha256:45e8636704eacc432a206ac7345a5d3d2c62d95a507ec70d62f23cd91770482a"},
    {file = "cffi-1.15.0-cp39-cp39-macosx_11_0_arm64.whl", hash = "sha256:31fb708d9d7c3f49a60f04cf5b119aeefe5644daba1cd2a0fe389b674fd1de37"},
    {file = "cffi-1.15.0-cp39-cp39-manylinux_2_12_i686.manylinux2010_i686.whl", hash = "sha256:6dc2737a3674b3e344847c8686cf29e500584ccad76204efea14f451d4cc669a"},
    {file = "cffi-1.15.0-cp39-cp39-manylinux_2_12_x86_64.manylinux2010_x86_64.whl", hash = "sha256:74fdfdbfdc48d3f47148976f49fab3251e550a8720bebc99bf1483f5bfb5db3e"},
    {file = "cffi-1.15.0-cp39-cp39-manylinux_2_17_aarch64.manylinux2014_aarch64.whl", hash = "sha256:ffaa5c925128e29efbde7301d8ecaf35c8c60ffbcd6a1ffd3a552177c8e5e796"},
    {file = "cffi-1.15.0-cp39-cp39-manylinux_2_17_ppc64le.manylinux2014_ppc64le.whl", hash = "sha256:3f7d084648d77af029acb79a0ff49a0ad7e9d09057a9bf46596dac9514dc07df"},
    {file = "cffi-1.15.0-cp39-cp39-manylinux_2_17_s390x.manylinux2014_s390x.whl", hash = "sha256:ef1f279350da2c586a69d32fc8733092fd32cc8ac95139a00377841f59a3f8d8"},
    {file = "cffi-1.15.0-cp39-cp39-win32.whl", hash = "sha256:2a23af14f408d53d5e6cd4e3d9a24ff9e05906ad574822a10563efcef137979a"},
    {file = "cffi-1.15.0-cp39-cp39-win_amd64.whl", hash = "sha256:3773c4d81e6e818df2efbc7dd77325ca0dcb688116050fb2b3011218eda36139"},
    {file = "cffi-1.15.0.tar.gz", hash = "sha256:920f0d66a896c2d99f0adbb391f990a84091179542c205fa53ce5787aff87954"},
]
charset-normalizer = [
    {file = "charset-normalizer-2.0.10.tar.gz", hash = "sha256:876d180e9d7432c5d1dfd4c5d26b72f099d503e8fcc0feb7532c9289be60fcbd"},
    {file = "charset_normalizer-2.0.10-py3-none-any.whl", hash = "sha256:cb957888737fc0bbcd78e3df769addb41fd1ff8cf950dc9e7ad7793f1bf44455"},
]
coincurve = [
    {file = "coincurve-16.0.0-cp310-cp310-macosx_10_9_x86_64.whl", hash = "sha256:0df23cba832bea28bc0f35176b2aaa7585cc85decce9560b79ec4991d49e0901"},
    {file = "coincurve-16.0.0-cp310-cp310-macosx_11_0_arm64.whl", hash = "sha256:166bd6ed3d3f3323f8f2bbada3840fde7a5e21790c33b510e666b81bebcf3b5e"},
    {file = "coincurve-16.0.0-cp310-cp310-manylinux_2_17_aarch64.manylinux2014_aarch64.whl", hash = "sha256:df1888a1f268275c84ce2245d1e6fe73e0135ecc3295ab69c736c1ded0373d8d"},
    {file = "coincurve-16.0.0-cp310-cp310-manylinux_2_17_i686.manylinux2014_i686.whl", hash = "sha256:e8bfb4091c796085f3d14c946aa34e767a3c947ba5da9bdaa400126ca89c8499"},
    {file = "coincurve-16.0.0-cp310-cp310-manylinux_2_17_x86_64.manylinux2014_x86_64.whl", hash = "sha256:fbe60c5e79dd47bbe91e096ad21c5c37e59361f1726913d2dda59680f2f111f0"},
    {file = "coincurve-16.0.0-cp310-cp310-musllinux_1_1_aarch64.whl", hash = "sha256:43b1e975b83390b9f3e18b9b0ef00465a069328b9c32645201414fd8abb409fb"},
    {file = "coincurve-16.0.0-cp310-cp310-musllinux_1_1_i686.whl", hash = "sha256:29e4e57996a12cf2a410cf61759917fdb0177a7bcf1a8ab5c8888c9da8d9a26c"},
    {file = "coincurve-16.0.0-cp310-cp310-musllinux_1_1_x86_64.whl", hash = "sha256:8cc73c0b7903b669cc94b0775d588e13ce06df496032cc91bdeb77d79f633e07"},
    {file = "coincurve-16.0.0-cp36-cp36m-macosx_10_9_x86_64.whl", hash = "sha256:7ffc693dde858c30ac295c261799007ddc6bf92f3b2afbfefd61b1dd42e2199f"},
    {file = "coincurve-16.0.0-cp36-cp36m-manylinux_2_17_aarch64.manylinux2014_aarch64.whl", hash = "sha256:ae7548e8be34bc595959933ae3f29ad7a63f1d35207d3e11cbc76e6c7484190c"},
    {file = "coincurve-16.0.0-cp36-cp36m-manylinux_2_17_i686.manylinux2014_i686.whl", hash = "sha256:c7fa11335c8518eead358c3bcfb9a66f53ce36f1bcfb4393a621207f1bcfda4f"},
    {file = "coincurve-16.0.0-cp36-cp36m-manylinux_2_17_x86_64.manylinux2014_x86_64.whl", hash = "sha256:9539c1736812fc09cbe6b0471e90f7ffd947688705832360299e97c3dab917ae"},
    {file = "coincurve-16.0.0-cp36-cp36m-musllinux_1_1_aarch64.whl", hash = "sha256:d0f07d9ab46d7b6178d8ae4ca94ca64ef81abfc3f4042f3b133dbef2acace2a9"},
    {file = "coincurve-16.0.0-cp36-cp36m-musllinux_1_1_i686.whl", hash = "sha256:b29aa4b890066b89be2cd8f1a176a872ad79893a649d6a09b34365eae905aba5"},
    {file = "coincurve-16.0.0-cp36-cp36m-musllinux_1_1_x86_64.whl", hash = "sha256:659b77c9c8e81c35b72c3b1c1759590ed0a7f74674efb2baa9da933f3788e7f6"},
    {file = "coincurve-16.0.0-cp37-cp37m-macosx_10_9_x86_64.whl", hash = "sha256:4d9d1cb54c36dfd22539bb6aeea6a6135ea34e6b84c183272a4dbcd5cf5055d4"},
    {file = "coincurve-16.0.0-cp37-cp37m-manylinux_2_17_aarch64.manylinux2014_aarch64.whl", hash = "sha256:5ed6cc2844e88efd03f30bae00f9114624f813f9460585aa3d57cecad197736a"},
    {file = "coincurve-16.0.0-cp37-cp37m-manylinux_2_17_i686.manylinux2014_i686.whl", hash = "sha256:5d432ae55989ab4993e8aa5b888958347a947b9d61887fc5072b265329a3648f"},
    {file = "coincurve-16.0.0-cp37-cp37m-manylinux_2_17_x86_64.manylinux2014_x86_64.whl", hash = "sha256:d7969af60e7d2a58cf5280bfc7cac16cdb52a7f7c2e57e94c40807691e96035b"},
    {file = "coincurve-16.0.0-cp37-cp37m-musllinux_1_1_aarch64.whl", hash = "sha256:bedf752706ce8b1fa6960d9294db24db76e28343dd0831ba8f435cfac4af973b"},
    {file = "coincurve-16.0.0-cp37-cp37m-musllinux_1_1_i686.whl", hash = "sha256:cae66a1fa69c07cdce05f315830c2ea86528724a96507848b820ada029ac05e9"},
    {file = "coincurve-16.0.0-cp37-cp37m-musllinux_1_1_x86_64.whl", hash = "sha256:7eda756fe9e026436eeb98d739b378a739f80c1cc99c77f00d3c91aed0908ff4"},
    {file = "coincurve-16.0.0-cp38-cp38-macosx_10_9_x86_64.whl", hash = "sha256:14824fe05f032052f9c028ed820ee542d284f0e056af3258b8fbbd2faa832a47"},
    {file = "coincurve-16.0.0-cp38-cp38-macosx_11_0_arm64.whl", hash = "sha256:8618c7b9fdca0f91808db1c5cbe5b8c583b7a1d24504fe9bb50f878e265118ca"},
    {file = "coincurve-16.0.0-cp38-cp38-manylinux_2_17_aarch64.manylinux2014_aarch64.whl", hash = "sha256:f73e9f08d9da0bdacc0b4b82216ef1db3d9b37d7a69ada9b8a4e6ade665c6ade"},
    {file = "coincurve-16.0.0-cp38-cp38-manylinux_2_17_i686.manylinux2014_i686.whl", hash = "sha256:b7ad945429c86de2f861e4042bc8996bad80814ecd7984e81fc461258d61c46a"},
    {file = "coincurve-16.0.0-cp38-cp38-manylinux_2_17_x86_64.manylinux2014_x86_64.whl", hash = "sha256:9b87cb82ce8b62f56643696f344d0ca4bf0835b72be2fa874473a889d4a263da"},
    {file = "coincurve-16.0.0-cp38-cp38-musllinux_1_1_aarch64.whl", hash = "sha256:d24dc141d15fd3dd75b114572556fe186106a0f5922ed9585cf6ae8323cd1de8"},
    {file = "coincurve-16.0.0-cp38-cp38-musllinux_1_1_i686.whl", hash = "sha256:aa427eb103d370175604e628cc3c6dca90a4f3c7801914985f1500c1267b3b52"},
    {file = "coincurve-16.0.0-cp38-cp38-musllinux_1_1_x86_64.whl", hash = "sha256:a8edec78e126e106d0e1a0a052c40a77a135225fce46a56110a73f08275ed266"},
    {file = "coincurve-16.0.0-cp39-cp39-macosx_10_9_x86_64.whl", hash = "sha256:1621b1fdc5740caa27ce6c670c7134dfb471d0a430c6a62c6891cc40b5479951"},
    {file = "coincurve-16.0.0-cp39-cp39-macosx_11_0_arm64.whl", hash = "sha256:c45b3ce930ed4a9ba8690a313494fc9f05e3f313b080bf1d1695f2f7076ca016"},
    {file = "coincurve-16.0.0-cp39-cp39-manylinux_2_17_aarch64.manylinux2014_aarch64.whl", hash = "sha256:9a43b256344398fe27240ff1c740057b1f62b4ccfbdc01580258f54d1f82b5d8"},
    {file = "coincurve-16.0.0-cp39-cp39-manylinux_2_17_i686.manylinux2014_i686.whl", hash = "sha256:4df9498894b6f3a19c5507cfe8bd945a261390bc687b9ed12c1f4671123eb172"},
    {file = "coincurve-16.0.0-cp39-cp39-manylinux_2_17_x86_64.manylinux2014_x86_64.whl", hash = "sha256:5d4ae85e6125a65d38b5c0e1d1e9025ba39b49550703a07eb35efa5c41c18e56"},
    {file = "coincurve-16.0.0-cp39-cp39-musllinux_1_1_aarch64.whl", hash = "sha256:0a07a80843094c4c1e80a39e3b2525f5fd165804226f556d564b6db513850979"},
    {file = "coincurve-16.0.0-cp39-cp39-musllinux_1_1_i686.whl", hash = "sha256:1106efb37d8209690a56d3e25acf2bf76adec692fb13cd4574544e2644220f6d"},
    {file = "coincurve-16.0.0-cp39-cp39-musllinux_1_1_x86_64.whl", hash = "sha256:400ba504e6ab40ef906b93440866da962a956e3edd17afbc6c493a85a34740bc"},
    {file = "coincurve-16.0.0-py3-none-win32.whl", hash = "sha256:1a8feb5b943fdd2520bcd77fde25101f20a8309a069a5d2e9648fc5156e05e0e"},
    {file = "coincurve-16.0.0-py3-none-win_amd64.whl", hash = "sha256:3470d6529abc00bb6810ed05e1dd371b32a9679fa0f26d4d2fdd60784a9652cf"},
    {file = "coincurve-16.0.0.tar.gz", hash = "sha256:e9fbbd29be70ebc6a9a3acd48a39cbe421ab0f4074654caef6a8ef465252433a"},
]
ecdsa = [
    {file = "ecdsa-0.17.0-py2.py3-none-any.whl", hash = "sha256:5cf31d5b33743abe0dfc28999036c849a69d548f994b535e527ee3cb7f3ef676"},
    {file = "ecdsa-0.17.0.tar.gz", hash = "sha256:b9f500bb439e4153d0330610f5d26baaf18d17b8ced1bc54410d189385ea68aa"},
]
enum-compat = [
    {file = "enum-compat-0.0.3.tar.gz", hash = "sha256:3677daabed56a6f724451d585662253d8fb4e5569845aafa8bb0da36b1a8751e"},
    {file = "enum_compat-0.0.3-py3-none-any.whl", hash = "sha256:88091b617c7fc3bbbceae50db5958023c48dc40b50520005aa3bf27f8f7ea157"},
]
future = [
    {file = "future-0.18.2.tar.gz", hash = "sha256:b1bead90b70cf6ec3f0710ae53a525360fa360d306a86583adc6bf83a4db537d"},
]
idna = [
    {file = "idna-3.3-py3-none-any.whl", hash = "sha256:84d9dd047ffa80596e0f246e2eab0b391788b0503584e8945f2368256d2735ff"},
    {file = "idna-3.3.tar.gz", hash = "sha256:9d643ff0a55b762d5cdb124b8eaa99c66322e2157b69160bc32796e824360e6d"},
]
mnemonic = [
    {file = "mnemonic-0.20-py3-none-any.whl", hash = "sha256:acd2168872d0379e7a10873bb3e12bf6c91b35de758135c4fbd1015ef18fafc5"},
    {file = "mnemonic-0.20.tar.gz", hash = "sha256:7c6fb5639d779388027a77944680aee4870f0fcd09b1e42a5525ee2ce4c625f6"},
]
pycparser = [
    {file = "pycparser-2.21-py2.py3-none-any.whl", hash = "sha256:8ee45429555515e1f6b185e78100aea234072576aa43ab53aefcae078162fca9"},
    {file = "pycparser-2.21.tar.gz", hash = "sha256:e644fdec12f7872f86c58ff790da456218b10f863970249516d60a5eaca77206"},
]
requests = [
    {file = "requests-2.27.1-py2.py3-none-any.whl", hash = "sha256:f22fa1e554c9ddfd16e6e41ac79759e17be9e492b3587efa038054674760e72d"},
    {file = "requests-2.27.1.tar.gz", hash = "sha256:68d7c56fd5a8999887728ef304a6d12edc7be74f1cfa47714fc8b414525c9a61"},
]
six = [
    {file = "six-1.16.0-py2.py3-none-any.whl", hash = "sha256:8abb2f1d86890a2dfb989f9a77cfcfd3e47c2a354b01111771326f8aa26e0254"},
    {file = "six-1.16.0.tar.gz", hash = "sha256:1e61c37477a1626458e36f7b1d82aa5c9b094fa4802892072e49de9c60c4c926"},
]
urllib3 = [
    {file = "urllib3-1.26.8-py2.py3-none-any.whl", hash = "sha256:000ca7f471a233c2251c6c7023ee85305721bfdf18621ebff4fd17a8653427ed"},
    {file = "urllib3-1.26.8.tar.gz", hash = "sha256:0e7c33d9a63e7ddfcb86780aac87befc2fbddf46c58dbb487e0855f7ceec283c"},
]
